
Microsoft Visual Studio Solution File, Format Version 12.00
# Visual Studio 15
VisualStudioVersion = 15.0.28307.572
MinimumVisualStudioVersion = 10.0.40219.1
Project("{FAE04EC0-301F-11D3-BF4B-00C04F79EFBC}") = "Ghpr.SpecFlowPlugin", "Ghpr.SpecFlowPlugin\Ghpr.SpecFlowPlugin.csproj", "{84E12915-13CB-4150-8F87-B6DDFDDDFB46}"
EndProject
Project("{FAE04EC0-301F-11D3-BF4B-00C04F79EFBC}") = "GhprSpecFlow.Common", "Ghpr.SpecFlow.Common\GhprSpecFlow.Common.csproj", "{ADB6C69E-30A9-4D7F-8C5E-64DAAA9FDCA7}"
EndProject
Project("{FAE04EC0-301F-11D3-BF4B-00C04F79EFBC}") = "GhprNUnit.SpecFlowPlugin", "Ghpr.NUnit.SpecFlowPlugin\GhprNUnit.SpecFlowPlugin.csproj", "{D8F3EF6A-92A7-4A3D-B89B-4FC4CD7C8206}"
EndProject
Project("{FAE04EC0-301F-11D3-BF4B-00C04F79EFBC}") = "GhprMSTest.SpecFlowPlugin", "GhprMSTest.SpecFlowPlugin\GhprMSTest.SpecFlowPlugin.csproj", "{E3C92B3B-4E07-413A-B3DD-5614C1D6F736}"
EndProject
Project("{FAE04EC0-301F-11D3-BF4B-00C04F79EFBC}") = "GhprMSTestTestContext.SpecFlowPlugin", "GhprMSTestContext.SpecFlowPlugin\GhprMSTestTestContext.SpecFlowPlugin.csproj", "{C947BBB6-7ABF-4C10-82A4-0B53AB2308D3}"
EndProject
Project("{FAE04EC0-301F-11D3-BF4B-00C04F79EFBC}") = "Ghpr.TestsForDebug.NUnit", "Ghpr.TestsForDebug\Ghpr.TestsForDebug.NUnit.csproj", "{5A364047-FD18-4072-A5AB-8FBCC59A5DED}"
EndProject
Project("{FAE04EC0-301F-11D3-BF4B-00C04F79EFBC}") = "Ghpr.TestsForDebug.MSTest", "Ghpr.TestsForDebug.MSTest\Ghpr.TestsForDebug.MSTest.csproj", "{E9B87FC9-1713-4DAA-968B-DA70C58E899C}"
EndProject
Global
	GlobalSection(SolutionConfigurationPlatforms) = preSolution
		Debug|Any CPU = Debug|Any CPU
		Release|Any CPU = Release|Any CPU
	EndGlobalSection
	GlobalSection(ProjectConfigurationPlatforms) = postSolution
		{84E12915-13CB-4150-8F87-B6DDFDDDFB46}.Debug|Any CPU.ActiveCfg = Debug|Any CPU
		{84E12915-13CB-4150-8F87-B6DDFDDDFB46}.Debug|Any CPU.Build.0 = Debug|Any CPU
		{84E12915-13CB-4150-8F87-B6DDFDDDFB46}.Release|Any CPU.ActiveCfg = Release|Any CPU
		{84E12915-13CB-4150-8F87-B6DDFDDDFB46}.Release|Any CPU.Build.0 = Release|Any CPU
		{ADB6C69E-30A9-4D7F-8C5E-64DAAA9FDCA7}.Debug|Any CPU.ActiveCfg = Debug|Any CPU
		{ADB6C69E-30A9-4D7F-8C5E-64DAAA9FDCA7}.Debug|Any CPU.Build.0 = Debug|Any CPU
		{ADB6C69E-30A9-4D7F-8C5E-64DAAA9FDCA7}.Release|Any CPU.ActiveCfg = Release|Any CPU
		{ADB6C69E-30A9-4D7F-8C5E-64DAAA9FDCA7}.Release|Any CPU.Build.0 = Release|Any CPU
		{D8F3EF6A-92A7-4A3D-B89B-4FC4CD7C8206}.Debug|Any CPU.ActiveCfg = Debug|Any CPU
		{D8F3EF6A-92A7-4A3D-B89B-4FC4CD7C8206}.Debug|Any CPU.Build.0 = Debug|Any CPU
		{D8F3EF6A-92A7-4A3D-B89B-4FC4CD7C8206}.Release|Any CPU.ActiveCfg = Release|Any CPU
		{D8F3EF6A-92A7-4A3D-B89B-4FC4CD7C8206}.Release|Any CPU.Build.0 = Release|Any CPU
		{E3C92B3B-4E07-413A-B3DD-5614C1D6F736}.Debug|Any CPU.ActiveCfg = Debug|Any CPU
		{E3C92B3B-4E07-413A-B3DD-5614C1D6F736}.Debug|Any CPU.Build.0 = Debug|Any CPU
		{E3C92B3B-4E07-413A-B3DD-5614C1D6F736}.Release|Any CPU.ActiveCfg = Release|Any CPU
		{E3C92B3B-4E07-413A-B3DD-5614C1D6F736}.Release|Any CPU.Build.0 = Release|Any CPU
		{C947BBB6-7ABF-4C10-82A4-0B53AB2308D3}.Debug|Any CPU.ActiveCfg = Debug|Any CPU
		{C947BBB6-7ABF-4C10-82A4-0B53AB2308D3}.Debug|Any CPU.Build.0 = Debug|Any CPU
		{C947BBB6-7ABF-4C10-82A4-0B53AB2308D3}.Release|Any CPU.ActiveCfg = Release|Any CPU
		{C947BBB6-7ABF-4C10-82A4-0B53AB2308D3}.Release|Any CPU.Build.0 = Release|Any CPU
		{5A364047-FD18-4072-A5AB-8FBCC59A5DED}.Debug|Any CPU.ActiveCfg = Debug|Any CPU
		{5A364047-FD18-4072-A5AB-8FBCC59A5DED}.Debug|Any CPU.Build.0 = Debug|Any CPU
		{5A364047-FD18-4072-A5AB-8FBCC59A5DED}.Release|Any CPU.ActiveCfg = Release|Any CPU
		{5A364047-FD18-4072-A5AB-8FBCC59A5DED}.Release|Any CPU.Build.0 = Release|Any CPU
		{E9B87FC9-1713-4DAA-968B-DA70C58E899C}.Debug|Any CPU.ActiveCfg = Debug|Any CPU
		{E9B87FC9-1713-4DAA-968B-DA70C58E899C}.Debug|Any CPU.Build.0 = Debug|Any CPU
		{E9B87FC9-1713-4DAA-968B-DA70C58E899C}.Release|Any CPU.ActiveCfg = Release|Any CPU
		{E9B87FC9-1713-4DAA-968B-DA70C58E899C}.Release|Any CPU.Build.0 = Release|Any CPU
	EndGlobalSection
	GlobalSection(SolutionProperties) = preSolution
		HideSolutionNode = FALSE
	EndGlobalSection
	GlobalSection(ExtensibilityGlobals) = postSolution
		SolutionGuid = {E4046CC4-0795-4A3E-B3B3-B4471AD31F10}
	EndGlobalSection
EndGlobal
